# THIS IS AN AUTOGENERATED FILE. DO NOT EDIT THIS FILE DIRECTLY.
# yarn lockfile v1


"@babel/runtime@^7.12.1", "@babel/runtime@^7.14.6", "@babel/runtime@^7.9.2":
  version "7.14.6"
  resolved "https://registry.yarnpkg.com/@babel/runtime/-/runtime-7.14.6.tgz#535203bc0892efc7dec60bdc27b2ecf6e409062d"
  integrity sha512-/PCB2uJ7oM44tz8YhC4Z/6PeOKXp4K588f+5M3clr1M4zbqztlo0XEfJ2LEzj/FgwfgGcIdl8n7YYjTCI0BYwg==
  dependencies:
    regenerator-runtime "^0.13.4"

"@types/d3-array@*":
  version "3.0.1"
  resolved "https://registry.yarnpkg.com/@types/d3-array/-/d3-array-3.0.1.tgz#0ff28ee7052a2e504cb951d17df7437c33d442d6"
  integrity sha512-D/G7oG0czeszALrkdUiV68CDiHDxXf+M2mLVqAyKktGd12VKQQljj1sHJGBKjcK4jRH1biBd6ZPQPHpJ0mNa0w==

"@types/d3-axis@*":
  version "3.0.1"
  resolved "https://registry.yarnpkg.com/@types/d3-axis/-/d3-axis-3.0.1.tgz#6afc20744fa5cc0cbc3e2bd367b140a79ed3e7a8"
  integrity sha512-zji/iIbdd49g9WN0aIsGcwcTBUkgLsCSwB+uH+LPVDAiKWENMtI3cJEWt+7/YYwelMoZmbBfzA3qCdrZ2XFNnw==
  dependencies:
    "@types/d3-selection" "*"

"@types/d3-brush@*":
  version "3.0.1"
  resolved "https://registry.yarnpkg.com/@types/d3-brush/-/d3-brush-3.0.1.tgz#ae5f17ce391935ca88b29000e60ee20452c6357c"
  integrity sha512-B532DozsiTuQMHu2YChdZU0qsFJSio3Q6jmBYGYNp3gMDzBmuFFgPt9qKA4VYuLZMp4qc6eX7IUFUEsvHiXZAw==
  dependencies:
    "@types/d3-selection" "*"

"@types/d3-chord@*":
  version "3.0.1"
  resolved "https://registry.yarnpkg.com/@types/d3-chord/-/d3-chord-3.0.1.tgz#54c8856c19c8e4ab36a53f73ba737de4768ad248"
  integrity sha512-eQfcxIHrg7V++W8Qxn6QkqBNBokyhdWSAS73AbkbMzvLQmVVBviknoz2SRS/ZJdIOmhcmmdCRE/NFOm28Z1AMw==

"@types/d3-color@*":
  version "3.0.1"
  resolved "https://registry.yarnpkg.com/@types/d3-color/-/d3-color-3.0.1.tgz#3de066dbe308a7955a97cfd69b76a5240fb46c33"
  integrity sha512-vcuR/rrvuoX6q0Rqe+gOScvYkTV7i6KZsfQozvThtAZ4CfuEM22OnZfiKP62nXHqRnIHXpBMy3JSha95qdYAxA==

"@types/d3-contour@*":
  version "3.0.1"
  resolved "https://registry.yarnpkg.com/@types/d3-contour/-/d3-contour-3.0.1.tgz#9ff4e2fd2a3910de9c5097270a7da8a6ef240017"
  integrity sha512-C3zfBrhHZvrpAAK3YXqLWVAGo87A4SvJ83Q/zVJ8rFWJdKejUnDYaWZPkA8K84kb2vDA/g90LTQAz7etXcgoQQ==
  dependencies:
    "@types/d3-array" "*"
    "@types/geojson" "*"

"@types/d3-delaunay@*":
  version "6.0.0"
  resolved "https://registry.yarnpkg.com/@types/d3-delaunay/-/d3-delaunay-6.0.0.tgz#c09953ac7e5460997f693d2d7bf3522e0d4a88e6"
  integrity sha512-iGm7ZaGLq11RK3e69VeMM6Oqj2SjKUB9Qhcyd1zIcqn2uE8w9GFB445yCY46NOQO3ByaNyktX1DK+Etz7ZaX+w==

"@types/d3-dispatch@*":
  version "3.0.1"
  resolved "https://registry.yarnpkg.com/@types/d3-dispatch/-/d3-dispatch-3.0.1.tgz#a1b18ae5fa055a6734cb3bd3cbc6260ef19676e3"
  integrity sha512-NhxMn3bAkqhjoxabVJWKryhnZXXYYVQxaBnbANu0O94+O/nX9qSjrA1P1jbAQJxJf+VC72TxDX/YJcKue5bRqw==

"@types/d3-drag@*":
  version "3.0.1"
  resolved "https://registry.yarnpkg.com/@types/d3-drag/-/d3-drag-3.0.1.tgz#fb1e3d5cceeee4d913caa59dedf55c94cb66e80f"
  integrity sha512-o1Va7bLwwk6h03+nSM8dpaGEYnoIG19P0lKqlic8Un36ymh9NSkNFX1yiXMKNMx8rJ0Kfnn2eovuFaL6Jvj0zA==
  dependencies:
    "@types/d3-selection" "*"

"@types/d3-dsv@*":
  version "3.0.0"
  resolved "https://registry.yarnpkg.com/@types/d3-dsv/-/d3-dsv-3.0.0.tgz#f3c61fb117bd493ec0e814856feb804a14cfc311"
  integrity sha512-o0/7RlMl9p5n6FQDptuJVMxDf/7EDEv2SYEO/CwdG2tr1hTfUVi0Iavkk2ax+VpaQ/1jVhpnj5rq1nj8vwhn2A==

"@types/d3-ease@*":
  version "3.0.0"
  resolved "https://registry.yarnpkg.com/@types/d3-ease/-/d3-ease-3.0.0.tgz#c29926f8b596f9dadaeca062a32a45365681eae0"
  integrity sha512-aMo4eaAOijJjA6uU+GIeW018dvy9+oH5Y2VPPzjjfxevvGQ/oRDs+tfYC9b50Q4BygRR8yE2QCLsrT0WtAVseA==

"@types/d3-fetch@*":
  version "3.0.1"
  resolved "https://registry.yarnpkg.com/@types/d3-fetch/-/d3-fetch-3.0.1.tgz#f9fa88b81aa2eea5814f11aec82ecfddbd0b8fe0"
  integrity sha512-toZJNOwrOIqz7Oh6Q7l2zkaNfXkfR7mFSJvGvlD/Ciq/+SQ39d5gynHJZ/0fjt83ec3WL7+u3ssqIijQtBISsw==
  dependencies:
    "@types/d3-dsv" "*"

"@types/d3-force@*":
  version "3.0.1"
  resolved "https://registry.yarnpkg.com/@types/d3-force/-/d3-force-3.0.1.tgz#9f8aebb6510e5c3a08bedd398e83b9a68d211199"
  integrity sha512-fY9fXELktloC4MospE1AMYk67p7zxbW1K79rdzZJ6oB2pddltiTelE9bz6YnZf9GboHhe9k0gwVjP7bOc7wjvg==

"@types/d3-format@*":
  version "3.0.0"
  resolved "https://registry.yarnpkg.com/@types/d3-format/-/d3-format-3.0.0.tgz#875dba21f896d432bada44021ffc7bb3a0b98892"
  integrity sha512-bbaJJs3Aye+C44aVbWW7qEgWNJQMtFNGsKq2L0OzjID2ewEUwb0Au8WF+b5PUrPkAqRKmtm4znYJadrYJMivYQ==

"@types/d3-geo@*":
  version "3.0.1"
  resolved "https://registry.yarnpkg.com/@types/d3-geo/-/d3-geo-3.0.1.tgz#9a936417f7fe41c96b24ce02f963d20ef7eb8793"
  integrity sha512-EFXzqJH7VFbnx6LJ3PBSYNCrxrjl6tFplmnJ9J4k7ICvL3QXSxG6APfKGe0A29sYkk7UV08avGkmfd/EqS5WbA==
  dependencies:
    "@types/geojson" "*"

"@types/d3-hierarchy@*":
  version "3.0.1"
  resolved "https://registry.yarnpkg.com/@types/d3-hierarchy/-/d3-hierarchy-3.0.1.tgz#2bcb22ea25d7695fee8a3e6157017fc3717312e4"
  integrity sha512-bXAS5udAD5RXfM/FsWMP9ggCl9cWXH0417Mwpw6ytSDP+Oez+XP0SLFPG5oPQc3m7ZToKg3/b4UW8hC/F6Qddw==

"@types/d3-interpolate@*":
  version "3.0.1"
  resolved "https://registry.yarnpkg.com/@types/d3-interpolate/-/d3-interpolate-3.0.1.tgz#e7d17fa4a5830ad56fe22ce3b4fac8541a9572dc"
  integrity sha512-jx5leotSeac3jr0RePOH1KdR9rISG91QIE4Q2PYTu4OymLTZfA3SrnURSLzKH48HmXVUru50b8nje4E79oQSQw==
  dependencies:
    "@types/d3-color" "*"

"@types/d3-path@*":
  version "3.0.0"
  resolved "https://registry.yarnpkg.com/@types/d3-path/-/d3-path-3.0.0.tgz#939e3a784ae4f80b1fde8098b91af1776ff1312b"
  integrity sha512-0g/A+mZXgFkQxN3HniRDbXMN79K3CdTpLsevj+PXiTcb2hVyvkZUBg37StmgCQkaD84cUJ4uaDAWq7UJOQy2Tg==

"@types/d3-polygon@*":
  version "3.0.0"
  resolved "https://registry.yarnpkg.com/@types/d3-polygon/-/d3-polygon-3.0.0.tgz#5200a3fa793d7736fa104285fa19b0dbc2424b93"
  integrity sha512-D49z4DyzTKXM0sGKVqiTDTYr+DHg/uxsiWDAkNrwXYuiZVd9o9wXZIo+YsHkifOiyBkmSWlEngHCQme54/hnHw==

"@types/d3-quadtree@*":
  version "3.0.1"
  resolved "https://registry.yarnpkg.com/@types/d3-quadtree/-/d3-quadtree-3.0.1.tgz#9d0bdc926dd979bfa05f156d6d6e2c64de3f8b9b"
  integrity sha512-U+OiWUxoH2jFsznlQHLgP48dUgkvtkFpjqW9Y9w8W9z3lo1OyQC1gdbKDfH1CxRUOWMY9fSYEYWc2ErNieyVew==

"@types/d3-random@*":
  version "3.0.1"
  resolved "https://registry.yarnpkg.com/@types/d3-random/-/d3-random-3.0.1.tgz#5c8d42b36cd4c80b92e5626a252f994ca6bfc953"
  integrity sha512-IIE6YTekGczpLYo/HehAy3JGF1ty7+usI97LqraNa8IiDur+L44d0VOjAvFQWJVdZOJHukUJw+ZdZBlgeUsHOQ==

"@types/d3-scale-chromatic@*":
  version "3.0.0"
  resolved "https://registry.yarnpkg.com/@types/d3-scale-chromatic/-/d3-scale-chromatic-3.0.0.tgz#103124777e8cdec85b20b51fd3397c682ee1e954"
  integrity sha512-dsoJGEIShosKVRBZB0Vo3C8nqSDqVGujJU6tPznsBJxNJNwMF8utmS83nvCBKQYPpjCzaaHcrf66iTRpZosLPw==

"@types/d3-scale@*":
  version "4.0.1"
  resolved "https://registry.yarnpkg.com/@types/d3-scale/-/d3-scale-4.0.1.tgz#fbe8238e2eff27af577d2b7d0b933ae50a546970"
  integrity sha512-GDuXcRcR6mKcpUVMhPNttpOzHi2dP6YcDqLZYSZHgwTZ+sfCa8e9q0VEBwZomblAPNMYpVqxojnSyIEb4s/Pwg==
  dependencies:
    "@types/d3-time" "*"

"@types/d3-selection@*":
  version "3.0.0"
  resolved "https://registry.yarnpkg.com/@types/d3-selection/-/d3-selection-3.0.0.tgz#2c6333b4e20ff3dc72f1cf5ffaca3a21c36a40f0"
  integrity sha512-SZsDWFG1dLV9ivX2wGDPFWgLUf71tF4aupfEMTYMrbArHwEMLhmv3TS1CZECLQgoTttdpM1g5Z6JwRP7zoInWg==

"@types/d3-shape@*":
  version "3.0.0"
  resolved "https://registry.yarnpkg.com/@types/d3-shape/-/d3-shape-3.0.0.tgz#bb1f9f4b06314bf271828abd21e7a5f2fce9cec4"
  integrity sha512-c1Wu/JwJJHSeY/M26pzNfuaybLCcTOkn1xxxVH7riuYObpvI8SfyDD30F8mqG+NHZuZTeIdKj4lej1USZ0V5vQ==
  dependencies:
    "@types/d3-path" "*"

"@types/d3-time-format@*":
  version "4.0.0"
  resolved "https://registry.yarnpkg.com/@types/d3-time-format/-/d3-time-format-4.0.0.tgz#ee7b6e798f8deb2d9640675f8811d0253aaa1946"
  integrity sha512-yjfBUe6DJBsDin2BMIulhSHmr5qNR5Pxs17+oW4DoVPyVIXZ+m6bs7j1UVKP08Emv6jRmYrYqxYzO63mQxy1rw==

"@types/d3-time@*":
  version "3.0.0"
  resolved "https://registry.yarnpkg.com/@types/d3-time/-/d3-time-3.0.0.tgz#e1ac0f3e9e195135361fa1a1d62f795d87e6e819"
  integrity sha512-sZLCdHvBUcNby1cB6Fd3ZBrABbjz3v1Vm90nysCQ6Vt7vd6e/h9Lt7SiJUoEX0l4Dzc7P5llKyhqSi1ycSf1Hg==

"@types/d3-timer@*":
  version "3.0.0"
  resolved "https://registry.yarnpkg.com/@types/d3-timer/-/d3-timer-3.0.0.tgz#e2505f1c21ec08bda8915238e397fb71d2fc54ce"
  integrity sha512-HNB/9GHqu7Fo8AQiugyJbv6ZxYz58wef0esl4Mv828w1ZKpAshw/uFWVDUcIB9KKFeFKoxS3cHY07FFgtTRZ1g==

"@types/d3-transition@*":
  version "3.0.1"
  resolved "https://registry.yarnpkg.com/@types/d3-transition/-/d3-transition-3.0.1.tgz#c9a96125567173d6163a6985b874f79154f4cc3d"
  integrity sha512-Sv4qEI9uq3bnZwlOANvYK853zvpdKEm1yz9rcc8ZTsxvRklcs9Fx4YFuGA3gXoQN/c/1T6QkVNjhaRO/cWj94g==
  dependencies:
    "@types/d3-selection" "*"

"@types/d3-zoom@*":
  version "3.0.1"
  resolved "https://registry.yarnpkg.com/@types/d3-zoom/-/d3-zoom-3.0.1.tgz#4bfc7e29625c4f79df38e2c36de52ec3e9faf826"
  integrity sha512-7s5L9TjfqIYQmQQEUcpMAcBOahem7TRoSO/+Gkz02GbMVuULiZzjF2BOdw291dbO2aNon4m2OdFsRGaCq2caLQ==
  dependencies:
    "@types/d3-interpolate" "*"
    "@types/d3-selection" "*"

"@types/d3@^7.0.0":
  version "7.0.0"
  resolved "https://registry.yarnpkg.com/@types/d3/-/d3-7.0.0.tgz#d102ec6ea5741e51a1ff7b8228850db0665ccd27"
  integrity sha512-7rMMuS5unvbvFCJXAkQXIxWTo2OUlmVXN5q7sfQFesuVICY55PSP6hhbUhWjTTNpfTTB3iLALsIYDFe7KUNABw==
  dependencies:
    "@types/d3-array" "*"
    "@types/d3-axis" "*"
    "@types/d3-brush" "*"
    "@types/d3-chord" "*"
    "@types/d3-color" "*"
    "@types/d3-contour" "*"
    "@types/d3-delaunay" "*"
    "@types/d3-dispatch" "*"
    "@types/d3-drag" "*"
    "@types/d3-dsv" "*"
    "@types/d3-ease" "*"
    "@types/d3-fetch" "*"
    "@types/d3-force" "*"
    "@types/d3-format" "*"
    "@types/d3-geo" "*"
    "@types/d3-hierarchy" "*"
    "@types/d3-interpolate" "*"
    "@types/d3-path" "*"
    "@types/d3-polygon" "*"
    "@types/d3-quadtree" "*"
    "@types/d3-random" "*"
    "@types/d3-scale" "*"
    "@types/d3-scale-chromatic" "*"
    "@types/d3-selection" "*"
    "@types/d3-shape" "*"
    "@types/d3-time" "*"
    "@types/d3-time-format" "*"
    "@types/d3-timer" "*"
    "@types/d3-transition" "*"
    "@types/d3-zoom" "*"

"@types/dagre@^0.7.44":
  version "0.7.44"
  resolved "https://registry.yarnpkg.com/@types/dagre/-/dagre-0.7.44.tgz#8f4b796b118ca29c132da7068fbc0d0351ee5851"
  integrity sha512-N6HD+79w77ZVAaVO7JJDW5yJ9LAxM62FpgNGO9xEde+KVYjDRyhIMzfiErXpr1g0JPon9kwlBzoBK6s4fOww9Q==

"@types/geojson@*":
  version "7946.0.7"
  resolved "https://registry.yarnpkg.com/@types/geojson/-/geojson-7946.0.7.tgz#c8fa532b60a0042219cdf173ca21a975ef0666ad"
  integrity sha512-wE2v81i4C4Ol09RtsWFAqg3BUitWbHSpSlIo+bNdsCJijO9sjme+zm+73ZMCa/qMC8UEERxzGbvmr1cffo2SiQ==

"@types/hoist-non-react-statics@^3.3.0":
  version "3.3.1"
  resolved "https://registry.yarnpkg.com/@types/hoist-non-react-statics/-/hoist-non-react-statics-3.3.1.tgz#1124aafe5118cb591977aeb1ceaaed1070eb039f"
  integrity sha512-iMIqiko6ooLrTh1joXodJK5X9xeEALT1kM5G3ZLhD3hszxBdIEd5C75U834D9mLcINgD4OyZf5uQXjkuYydWvA==
  dependencies:
    "@types/react" "*"
    hoist-non-react-statics "^3.3.0"

"@types/prop-types@*":
  version "15.7.3"
  resolved "https://registry.yarnpkg.com/@types/prop-types/-/prop-types-15.7.3.tgz#2ab0d5da2e5815f94b0b9d4b95d1e5f243ab2ca7"
  integrity sha512-KfRL3PuHmqQLOG+2tGpRO26Ctg+Cq1E01D2DMriKEATHgWLfeNDmq9e29Q9WIky0dQ3NPkd1mzYH8Lm936Z9qw==

"@types/react-redux@^7.1.16":
  version "7.1.16"
  resolved "https://registry.yarnpkg.com/@types/react-redux/-/react-redux-7.1.16.tgz#0fbd04c2500c12105494c83d4a3e45c084e3cb21"
  integrity sha512-f/FKzIrZwZk7YEO9E1yoxIuDNRiDducxkFlkw/GNMGEnK9n4K8wJzlJBghpSuOVDgEUHoDkDF7Gi9lHNQR4siw==
  dependencies:
    "@types/hoist-non-react-statics" "^3.3.0"
    "@types/react" "*"
    hoist-non-react-statics "^3.3.0"
    redux "^4.0.0"

"@types/react@*":
  version "17.0.13"
  resolved "https://registry.yarnpkg.com/@types/react/-/react-17.0.13.tgz#6b7c9a8f2868586ad87d941c02337c6888fb874f"
  integrity sha512-D/G3PiuqTfE3IMNjLn/DCp6umjVCSvtZTPdtAFy5+Ved6CsdRvivfKeCzw79W4AatShtU4nGqgvOv5Gro534vQ==
  dependencies:
    "@types/prop-types" "*"
    "@types/scheduler" "*"
    csstype "^3.0.2"

"@types/scheduler@*":
  version "0.16.1"
  resolved "https://registry.yarnpkg.com/@types/scheduler/-/scheduler-0.16.1.tgz#18845205e86ff0038517aab7a18a62a6b9f71275"
  integrity sha512-EaCxbanVeyxDRTQBkdLb3Bvl/HK7PBK6UJjsSixB0iHKoWxE5uu2Q/DgtpOhPIojN0Zl1whvOd7PoHs2P0s5eA==

classcat@^5.0.3:
  version "5.0.3"
  resolved "https://registry.yarnpkg.com/classcat/-/classcat-5.0.3.tgz#38eaa0ec6eb1b10faf101bbcef2afb319c23c17b"
  integrity sha512-6dK2ke4VEJZOFx2ZfdDAl5OhEL8lvkl6EHF92IfRePfHxQTqir5NlcNVUv+2idjDqCX2NDc8m8YSAI5NI975ZQ==

classnames@^2.2.5:
  version "2.3.1"
  resolved "https://registry.yarnpkg.com/classnames/-/classnames-2.3.1.tgz#dfcfa3891e306ec1dad105d0e88f4417b8535e8e"
  integrity sha512-OlQdbZ7gLfGarSqxesMesDa5uz7KFbID8Kpq/SxIoNGDqY8lSYs0D+hhtBXhcdB3rcbXArFr7vlHheLk1voeNA==

csstype@^3.0.2:
  version "3.0.8"
  resolved "https://registry.yarnpkg.com/csstype/-/csstype-3.0.8.tgz#d2266a792729fb227cd216fb572f43728e1ad340"
  integrity sha512-jXKhWqXPmlUeoQnF/EhTtTl4C9SnrxSH/jZUih3jmO6lBKr99rP3/+FmrMj4EFpOXzMtXHAZkd3x0E6h6Fgflw==

"d3-color@1 - 3":
  version "3.0.1"
  resolved "https://registry.yarnpkg.com/d3-color/-/d3-color-3.0.1.tgz#03316e595955d1fcd39d9f3610ad41bb90194d0a"
  integrity sha512-6/SlHkDOBLyQSJ1j1Ghs82OIUXpKWlR0hCsw0XrLSQhuUPuCSmLQ1QPH98vpnQxMUQM2/gfAkUEWsupVpd9JGw==

"d3-dispatch@1 - 3":
  version "3.0.1"
  resolved "https://registry.yarnpkg.com/d3-dispatch/-/d3-dispatch-3.0.1.tgz#5fc75284e9c2375c36c839411a0cf550cbfc4d5e"
  integrity sha512-rzUyPU/S7rwUflMyLc1ETDeBj0NRuHKKAcvukozwhshr6g6c5d8zh4c2gQjY2bZ0dXeGLWc1PF174P2tVvKhfg==

"d3-drag@2 - 3":
  version "3.0.0"
  resolved "https://registry.yarnpkg.com/d3-drag/-/d3-drag-3.0.0.tgz#994aae9cd23c719f53b5e10e3a0a6108c69607ba"
  integrity sha512-pWbUJLdETVA8lQNJecMxoXfH6x+mO2UQo8rSmZ+QqxcbyA3hfeprFgIT//HW2nlHChWeIIMwS2Fq+gEARkhTkg==
  dependencies:
    d3-dispatch "1 - 3"
    d3-selection "3"

"d3-ease@1 - 3":
  version "3.0.1"
  resolved "https://registry.yarnpkg.com/d3-ease/-/d3-ease-3.0.1.tgz#9658ac38a2140d59d346160f1f6c30fda0bd12f4"
  integrity sha512-wR/XK3D3XcLIZwpbvQwQ5fK+8Ykds1ip7A2Txe0yxncXSdq1L9skcG7blcedkOX+ZcgxGAmLX1FrRGbADwzi0w==

"d3-interpolate@1 - 3":
  version "3.0.1"
  resolved "https://registry.yarnpkg.com/d3-interpolate/-/d3-interpolate-3.0.1.tgz#3c47aa5b32c5b3dfb56ef3fd4342078a632b400d"
  integrity sha512-3bYs1rOD33uo8aqJfKP3JWPAibgw8Zm2+L9vBKEHJ2Rg+viTR7o5Mmv5mZcieN+FRYaAOWX5SJATX6k1PWz72g==
  dependencies:
    d3-color "1 - 3"

"d3-selection@2 - 3", d3-selection@3, d3-selection@^3.0.0:
  version "3.0.0"
  resolved "https://registry.yarnpkg.com/d3-selection/-/d3-selection-3.0.0.tgz#c25338207efa72cc5b9bd1458a1a41901f1e1b31"
  integrity sha512-fmTRWbNMmsmWq6xJV8D19U/gw/bwrHfNXxrIN+HfZgnzqTHp9jOmKMhsTUjXOJnZOdZY9Q28y4yebKzqDKlxlQ==

"d3-timer@1 - 3":
  version "3.0.1"
  resolved "https://registry.yarnpkg.com/d3-timer/-/d3-timer-3.0.1.tgz#6284d2a2708285b1abb7e201eda4380af35e63b0"
  integrity sha512-ndfJ/JxxMd3nw31uyKoY2naivF+r29V+Lc0svZxe1JvvIRmi8hUsrMvdOwgS1o6uBHmiz91geQ0ylPP0aj1VUA==

"d3-transition@2 - 3":
  version "3.0.1"
  resolved "https://registry.yarnpkg.com/d3-transition/-/d3-transition-3.0.1.tgz#6869fdde1448868077fdd5989200cb61b2a1645f"
  integrity sha512-ApKvfjsSR6tg06xrL434C0WydLr7JewBB3V+/39RMHsaXTOG0zmt/OAXeng5M5LBm0ojmxJrpomQVZ1aPvBL4w==
  dependencies:
    d3-color "1 - 3"
    d3-dispatch "1 - 3"
    d3-ease "1 - 3"
    d3-interpolate "1 - 3"
    d3-timer "1 - 3"

d3-zoom@^3.0.0:
  version "3.0.0"
  resolved "https://registry.yarnpkg.com/d3-zoom/-/d3-zoom-3.0.0.tgz#d13f4165c73217ffeaa54295cd6969b3e7aee8f3"
  integrity sha512-b8AmV3kfQaqWAuacbPuNbL6vahnOJflOhexLzMMNLga62+/nh0JzvJ0aO/5a5MVgUFGS7Hu1P9P03o3fJkDCyw==
  dependencies:
    d3-dispatch "1 - 3"
    d3-drag "2 - 3"
    d3-interpolate "1 - 3"
    d3-selection "2 - 3"
    d3-transition "2 - 3"

dagre@^0.8.5:
  version "0.8.5"
  resolved "https://registry.yarnpkg.com/dagre/-/dagre-0.8.5.tgz#ba30b0055dac12b6c1fcc247817442777d06afee"
  integrity sha512-/aTqmnRta7x7MCCpExk7HQL2O4owCT2h8NT//9I1OQ9vt29Pa0BzSAkR5lwFUcQ7491yVi/3CXU9jQ5o0Mn2Sw==
  dependencies:
    graphlib "^2.1.8"
    lodash "^4.17.15"

fast-deep-equal@^3.1.3:
  version "3.1.3"
  resolved "https://registry.yarnpkg.com/fast-deep-equal/-/fast-deep-equal-3.1.3.tgz#3a7d56b559d6cbc3eb512325244e619a65c6c525"
  integrity sha512-f3qQ9oQy9j2AhBe/H9VC91wLmKBCCU/gDOnKNAYG5hswO7BLKj09Hc5HYNz9cGI++xlpDCIgDaitVs03ATR84Q==

graphlib@^2.1.8:
  version "2.1.8"
  resolved "https://registry.yarnpkg.com/graphlib/-/graphlib-2.1.8.tgz#5761d414737870084c92ec7b5dbcb0592c9d35da"
  integrity sha512-jcLLfkpoVGmH7/InMC/1hIvOPSUh38oJtGhvrOFGzioE1DZ+0YW16RgmOJhHiuWTvGiJQ9Z1Ik43JvkRPRvE+A==
  dependencies:
    lodash "^4.17.15"

hoist-non-react-statics@^3.3.0, hoist-non-react-statics@^3.3.2:
  version "3.3.2"
  resolved "https://registry.yarnpkg.com/hoist-non-react-statics/-/hoist-non-react-statics-3.3.2.tgz#ece0acaf71d62c2969c2ec59feff42a4b1a85b45"
  integrity sha512-/gGivxi8JPKWNm/W0jSmzcMPpfpPLc3dY/6GxhX2hQ9iGj3aDfklV4ET7NjKpSinLpJ5vafa9iiGIEZg10SfBw==
  dependencies:
    react-is "^16.7.0"

"js-tokens@^3.0.0 || ^4.0.0":
  version "4.0.0"
  resolved "https://registry.yarnpkg.com/js-tokens/-/js-tokens-4.0.0.tgz#19203fb59991df98e3a287050d4647cdeaf32499"
  integrity sha512-RdJUflcE3cUzKiMqQgsCu06FPu9UdIJO0beYbPhHN4k6apgJtifcoCtT9bcxOpYBtpD2kCM6Sbzg4CausW/PKQ==

lodash@^4.17.15:
  version "4.17.21"
  resolved "https://registry.yarnpkg.com/lodash/-/lodash-4.17.21.tgz#679591c564c3bffaae8454cf0b3df370c3d6911c"
  integrity sha512-v2kDEe57lecTulaDIuNTPy3Ry4gLGJ6Z1O3vE1krgXZNrsQ+LFTGHVxVjcXPs17LhbZVGedAJv8XZ1tvj5FvSg==

loose-envify@^1.4.0:
  version "1.4.0"
  resolved "https://registry.yarnpkg.com/loose-envify/-/loose-envify-1.4.0.tgz#71ee51fa7be4caec1a63839f7e682d8132d30caf"
  integrity sha512-lyuxPGr/Wfhrlem2CL/UcnUc1zcqKAImBDzukY7Y5F/yQiNdko6+fRLevlw1HgMySw7f611UIY408EtxRSoK3Q==
  dependencies:
    js-tokens "^3.0.0 || ^4.0.0"

object-assign@^4.1.1:
  version "4.1.1"
  resolved "https://registry.yarnpkg.com/object-assign/-/object-assign-4.1.1.tgz#2109adc7965887cfc05cbbd442cac8bfbb360863"
  integrity sha1-IQmtx5ZYh8/AXLvUQsrIv7s2CGM=

prop-types@^15.6.0, prop-types@^15.7.2:
  version "15.7.2"
  resolved "https://registry.yarnpkg.com/prop-types/-/prop-types-15.7.2.tgz#52c41e75b8c87e72b9d9360e0206b99dcbffa6c5"
  integrity sha512-8QQikdH7//R2vurIJSutZ1smHYTcLpRWEOlHnzcWHmBYrOGUysKwSsrC89BCiFj3CbrfJ/nXFdJepOVrY1GCHQ==
  dependencies:
    loose-envify "^1.4.0"
    object-assign "^4.1.1"
    react-is "^16.8.1"

react-draggable@^4.4.3:
  version "4.4.3"
  resolved "https://registry.yarnpkg.com/react-draggable/-/react-draggable-4.4.3.tgz#0727f2cae5813e36b0e4962bf11b2f9ef2b406f3"
  integrity sha512-jV4TE59MBuWm7gb6Ns3Q1mxX8Azffb7oTtDtBgFkxRvhDp38YAARmRplrj0+XGkhOJB5XziArX+4HUUABtyZ0w==
  dependencies:
    classnames "^2.2.5"
    prop-types "^15.6.0"

react-flow-renderer@^9.6.3:
  version "9.6.3"
  resolved "https://registry.yarnpkg.com/react-flow-renderer/-/react-flow-renderer-9.6.3.tgz#3dc4bf941a5fa5691057248aec838746238a3f9c"
  integrity sha512-/2J1Lil8eOq3G0spVJPTIyhVUfnzDyV/JGRQC7DEFzwqzjL+qTj+ssyCblSxCSidxx1Q7zaza+ghnuMTr4E8QA==
  dependencies:
    "@babel/runtime" "^7.14.6"
    "@types/d3" "^7.0.0"
    "@types/react-redux" "^7.1.16"
    classcat "^5.0.3"
    d3-selection "^3.0.0"
    d3-zoom "^3.0.0"
    fast-deep-equal "^3.1.3"
    react-draggable "^4.4.3"
    react-redux "^7.2.4"
    redux "^4.1.0"

react-is@^16.13.1, react-is@^16.7.0, react-is@^16.8.1:
  version "16.13.1"
  resolved "https://registry.yarnpkg.com/react-is/-/react-is-16.13.1.tgz#789729a4dc36de2999dc156dd6c1d9c18cea56a4"
  integrity sha512-24e6ynE2H+OKt4kqsOvNd8kBpV65zoxbA4BVsEOB3ARVWQki/DHzaUoC5KuON/BiccDaCCTZBuOcfZs70kR8bQ==

react-redux@^7.2.4:
  version "7.2.4"
  resolved "https://registry.yarnpkg.com/react-redux/-/react-redux-7.2.4.tgz#1ebb474032b72d806de2e0519cd07761e222e225"
  integrity sha512-hOQ5eOSkEJEXdpIKbnRyl04LhaWabkDPV+Ix97wqQX3T3d2NQ8DUblNXXtNMavc7DpswyQM6xfaN4HQDKNY2JA==
  dependencies:
    "@babel/runtime" "^7.12.1"
    "@types/react-redux" "^7.1.16"
    hoist-non-react-statics "^3.3.2"
    loose-envify "^1.4.0"
    prop-types "^15.7.2"
    react-is "^16.13.1"

redux@^4.0.0, redux@^4.1.0:
  version "4.1.0"
  resolved "https://registry.yarnpkg.com/redux/-/redux-4.1.0.tgz#eb049679f2f523c379f1aff345c8612f294c88d4"
  integrity sha512-uI2dQN43zqLWCt6B/BMGRMY6db7TTY4qeHHfGeKb3EOhmOKjU3KdWvNLJyqaHRksv/ErdNH7cFZWg9jXtewy4g==
  dependencies:
    "@babel/runtime" "^7.9.2"

regenerator-runtime@^0.13.4:
  version "0.13.7"
  resolved "https://registry.yarnpkg.com/regenerator-runtime/-/regenerator-runtime-0.13.7.tgz#cac2dacc8a1ea675feaabaeb8ae833898ae46f55"
  integrity sha512-a54FxoJDIr27pgf7IgeQGxmqUNYrcV338lf/6gH456HZ/PhX+5BcwHXG9ajESmwe6WRO0tAzRUrRmNONWgkrew==
